
Microsoft Visual Studio Solution File, Format Version 12.00
# Visual Studio Version 17
VisualStudioVersion = 17.8.34525.116
MinimumVisualStudioVersion = 10.0.40219.1
Project("{2150E333-8FDC-42A3-9474-1A3956D46DE8}") = "src", "src", "{81D57C50-4C6A-4679-B098-EA69821D7B0B}"
EndProject
Project("{9A19103F-16F7-4668-BE54-9A1E7A4F7556}") = "Domain", "Domain\Domain.csproj", "{B8743462-1C0A-40F8-8BCC-BC411DC68136}"
EndProject
Project("{9A19103F-16F7-4668-BE54-9A1E7A4F7556}") = "Application", "Application\Application.csproj", "{A7965599-4810-466F-8360-F4CF0E8E5451}"
EndProject
Project("{9A19103F-16F7-4668-BE54-9A1E7A4F7556}") = "Infrastructure", "Infrastructure\Infrastructure.csproj", "{CE6AC94F-202D-481E-8E38-BA77DAD35A0D}"
EndProject
Project("{9A19103F-16F7-4668-BE54-9A1E7A4F7556}") = "WebAPI", "WebAPI\WebAPI.csproj", "{CFDD6C07-BD25-4561-8065-A9E27FA92B71}"
EndProject
Project("{2150E333-8FDC-42A3-9474-1A3956D46DE8}") = "sdk", "sdk", "{F05C0007-4F7A-432C-B65E-94768A3D18BC}"
EndProject
Project("{FAE04EC0-301F-11D3-BF4B-00C04F79EFBC}") = "LarixApp.Sdk", "LarixApp.Sdk\LarixApp.Sdk.csproj", "{9DCAA9A2-DF25-4A68-A39A-18F829FA9537}"
EndProject
Project("{FAE04EC0-301F-11D3-BF4B-00C04F79EFBC}") = "LarixApp.Sdk.Sample", "LarixApp.Sdk.Sample\LarixApp.Sdk.Sample.csproj", "{62F293C0-5F02-469F-AD2E-AB8B16FF58D9}"
EndProject
Global
	GlobalSection(SolutionConfigurationPlatforms) = preSolution
		Debug|Any CPU = Debug|Any CPU
		Release|Any CPU = Release|Any CPU
	EndGlobalSection
	GlobalSection(ProjectConfigurationPlatforms) = postSolution
		{B8743462-1C0A-40F8-8BCC-BC411DC68136}.Debug|Any CPU.ActiveCfg = Debug|Any CPU
		{B8743462-1C0A-40F8-8BCC-BC411DC68136}.Debug|Any CPU.Build.0 = Debug|Any CPU
		{B8743462-1C0A-40F8-8BCC-BC411DC68136}.Release|Any CPU.ActiveCfg = Release|Any CPU
		{B8743462-1C0A-40F8-8BCC-BC411DC68136}.Release|Any CPU.Build.0 = Release|Any CPU
		{A7965599-4810-466F-8360-F4CF0E8E5451}.Debug|Any CPU.ActiveCfg = Debug|Any CPU
		{A7965599-4810-466F-8360-F4CF0E8E5451}.Debug|Any CPU.Build.0 = Debug|Any CPU
		{A7965599-4810-466F-8360-F4CF0E8E5451}.Release|Any CPU.ActiveCfg = Release|Any CPU
		{A7965599-4810-466F-8360-F4CF0E8E5451}.Release|Any CPU.Build.0 = Release|Any CPU
		{CE6AC94F-202D-481E-8E38-BA77DAD35A0D}.Debug|Any CPU.ActiveCfg = Debug|Any CPU
		{CE6AC94F-202D-481E-8E38-BA77DAD35A0D}.Debug|Any CPU.Build.0 = Debug|Any CPU
		{CE6AC94F-202D-481E-8E38-BA77DAD35A0D}.Release|Any CPU.ActiveCfg = Release|Any CPU
		{CE6AC94F-202D-481E-8E38-BA77DAD35A0D}.Release|Any CPU.Build.0 = Release|Any CPU
		{CFDD6C07-BD25-4561-8065-A9E27FA92B71}.Debug|Any CPU.ActiveCfg = Debug|Any CPU
		{CFDD6C07-BD25-4561-8065-A9E27FA92B71}.Debug|Any CPU.Build.0 = Debug|Any CPU
		{CFDD6C07-BD25-4561-8065-A9E27FA92B71}.Release|Any CPU.ActiveCfg = Release|Any CPU
		{CFDD6C07-BD25-4561-8065-A9E27FA92B71}.Release|Any CPU.Build.0 = Release|Any CPU
		{9DCAA9A2-DF25-4A68-A39A-18F829FA9537}.Debug|Any CPU.ActiveCfg = Debug|Any CPU
		{9DCAA9A2-DF25-4A68-A39A-18F829FA9537}.Debug|Any CPU.Build.0 = Debug|Any CPU
		{9DCAA9A2-DF25-4A68-A39A-18F829FA9537}.Release|Any CPU.ActiveCfg = Release|Any CPU
		{9DCAA9A2-DF25-4A68-A39A-18F829FA9537}.Release|Any CPU.Build.0 = Release|Any CPU
		{62F293C0-5F02-469F-AD2E-AB8B16FF58D9}.Debug|Any CPU.ActiveCfg = Debug|Any CPU
		{62F293C0-5F02-469F-AD2E-AB8B16FF58D9}.Debug|Any CPU.Build.0 = Debug|Any CPU
		{62F293C0-5F02-469F-AD2E-AB8B16FF58D9}.Release|Any CPU.ActiveCfg = Release|Any CPU
		{62F293C0-5F02-469F-AD2E-AB8B16FF58D9}.Release|Any CPU.Build.0 = Release|Any CPU
	EndGlobalSection
	GlobalSection(SolutionProperties) = preSolution
		HideSolutionNode = FALSE
	EndGlobalSection
	GlobalSection(NestedProjects) = preSolution
		{B8743462-1C0A-40F8-8BCC-BC411DC68136} = {81D57C50-4C6A-4679-B098-EA69821D7B0B}
		{A7965599-4810-466F-8360-F4CF0E8E5451} = {81D57C50-4C6A-4679-B098-EA69821D7B0B}
		{CE6AC94F-202D-481E-8E38-BA77DAD35A0D} = {81D57C50-4C6A-4679-B098-EA69821D7B0B}
		{CFDD6C07-BD25-4561-8065-A9E27FA92B71} = {81D57C50-4C6A-4679-B098-EA69821D7B0B}
		{F05C0007-4F7A-432C-B65E-94768A3D18BC} = {81D57C50-4C6A-4679-B098-EA69821D7B0B}
		{9DCAA9A2-DF25-4A68-A39A-18F829FA9537} = {F05C0007-4F7A-432C-B65E-94768A3D18BC}
		{62F293C0-5F02-469F-AD2E-AB8B16FF58D9} = {F05C0007-4F7A-432C-B65E-94768A3D18BC}
	EndGlobalSection
	GlobalSection(ExtensibilityGlobals) = postSolution
		SolutionGuid = {506028A8-19DA-4BED-82A7-97112E428EFB}
	EndGlobalSection
EndGlobal
