
Microsoft Visual Studio Solution File, Format Version 12.00
# Visual Studio Version 17
VisualStudioVersion = 17.8.34525.116
MinimumVisualStudioVersion = 10.0.40219.1
Project("{2150E333-8FDC-42A3-9474-1A3956D46DE8}") = "src", "src", "{81D57C50-4C6A-4679-B098-EA69821D7B0B}"
	ProjectSection(SolutionItems) = preProject
		README.md = README.md
	EndProjectSection
EndProject
Project("{9A19103F-16F7-4668-BE54-9A1E7A4F7556}") = "Domain", "Domain\Domain.csproj", "{B8743462-1C0A-40F8-8BCC-BC411DC68136}"
EndProject
Project("{9A19103F-16F7-4668-BE54-9A1E7A4F7556}") = "Application", "Application\Application.csproj", "{A7965599-4810-466F-8360-F4CF0E8E5451}"
EndProject
Project("{9A19103F-16F7-4668-BE54-9A1E7A4F7556}") = "Infrastructure", "Infrastructure\Infrastructure.csproj", "{CE6AC94F-202D-481E-8E38-BA77DAD35A0D}"
EndProject
Project("{9A19103F-16F7-4668-BE54-9A1E7A4F7556}") = "WebAPI", "WebAPI\WebAPI.csproj", "{CFDD6C07-BD25-4561-8065-A9E27FA92B71}"
EndProject
Project("{2150E333-8FDC-42A3-9474-1A3956D46DE8}") = "tests", "tests", "{17F49C5E-5484-4E20-B4AA-DE9A8FF086F8}"
EndProject
Project("{9A19103F-16F7-4668-BE54-9A1E7A4F7556}") = "UnitTests", "UnitTests\UnitTests.csproj", "{A3FEFF8B-D7F4-4D51-8368-3721D72AE9A0}"
	ProjectSection(ProjectDependencies) = postProject
		{A7965599-4810-466F-8360-F4CF0E8E5451} = {A7965599-4810-466F-8360-F4CF0E8E5451}
	EndProjectSection
EndProject
Project("{9A19103F-16F7-4668-BE54-9A1E7A4F7556}") = "EndToEndTests", "EndToEndTests\EndToEndTests.csproj", "{709095E1-C234-4D64-B8CB-D4EB5EC353DC}"
EndProject
Global
	GlobalSection(SolutionConfigurationPlatforms) = preSolution
		Debug|Any CPU = Debug|Any CPU
		Release|Any CPU = Release|Any CPU
	EndGlobalSection
	GlobalSection(ProjectConfigurationPlatforms) = postSolution
		{B8743462-1C0A-40F8-8BCC-BC411DC68136}.Debug|Any CPU.ActiveCfg = Debug|Any CPU
		{B8743462-1C0A-40F8-8BCC-BC411DC68136}.Debug|Any CPU.Build.0 = Debug|Any CPU
		{B8743462-1C0A-40F8-8BCC-BC411DC68136}.Release|Any CPU.ActiveCfg = Release|Any CPU
		{B8743462-1C0A-40F8-8BCC-BC411DC68136}.Release|Any CPU.Build.0 = Release|Any CPU
		{A7965599-4810-466F-8360-F4CF0E8E5451}.Debug|Any CPU.ActiveCfg = Debug|Any CPU
		{A7965599-4810-466F-8360-F4CF0E8E5451}.Debug|Any CPU.Build.0 = Debug|Any CPU
		{A7965599-4810-466F-8360-F4CF0E8E5451}.Release|Any CPU.ActiveCfg = Release|Any CPU
		{A7965599-4810-466F-8360-F4CF0E8E5451}.Release|Any CPU.Build.0 = Release|Any CPU
		{CE6AC94F-202D-481E-8E38-BA77DAD35A0D}.Debug|Any CPU.ActiveCfg = Debug|Any CPU
		{CE6AC94F-202D-481E-8E38-BA77DAD35A0D}.Debug|Any CPU.Build.0 = Debug|Any CPU
		{CE6AC94F-202D-481E-8E38-BA77DAD35A0D}.Release|Any CPU.ActiveCfg = Release|Any CPU
		{CE6AC94F-202D-481E-8E38-BA77DAD35A0D}.Release|Any CPU.Build.0 = Release|Any CPU
		{CFDD6C07-BD25-4561-8065-A9E27FA92B71}.Debug|Any CPU.ActiveCfg = Debug|Any CPU
		{CFDD6C07-BD25-4561-8065-A9E27FA92B71}.Debug|Any CPU.Build.0 = Debug|Any CPU
		{CFDD6C07-BD25-4561-8065-A9E27FA92B71}.Release|Any CPU.ActiveCfg = Release|Any CPU
		{CFDD6C07-BD25-4561-8065-A9E27FA92B71}.Release|Any CPU.Build.0 = Release|Any CPU
		{A3FEFF8B-D7F4-4D51-8368-3721D72AE9A0}.Debug|Any CPU.ActiveCfg = Debug|Any CPU
		{A3FEFF8B-D7F4-4D51-8368-3721D72AE9A0}.Debug|Any CPU.Build.0 = Debug|Any CPU
		{A3FEFF8B-D7F4-4D51-8368-3721D72AE9A0}.Release|Any CPU.ActiveCfg = Release|Any CPU
		{A3FEFF8B-D7F4-4D51-8368-3721D72AE9A0}.Release|Any CPU.Build.0 = Release|Any CPU
		{709095E1-C234-4D64-B8CB-D4EB5EC353DC}.Debug|Any CPU.ActiveCfg = Debug|Any CPU
		{709095E1-C234-4D64-B8CB-D4EB5EC353DC}.Debug|Any CPU.Build.0 = Debug|Any CPU
		{709095E1-C234-4D64-B8CB-D4EB5EC353DC}.Release|Any CPU.ActiveCfg = Release|Any CPU
		{709095E1-C234-4D64-B8CB-D4EB5EC353DC}.Release|Any CPU.Build.0 = Release|Any CPU
	EndGlobalSection
	GlobalSection(SolutionProperties) = preSolution
		HideSolutionNode = FALSE
	EndGlobalSection
	GlobalSection(NestedProjects) = preSolution
		{B8743462-1C0A-40F8-8BCC-BC411DC68136} = {81D57C50-4C6A-4679-B098-EA69821D7B0B}
		{A7965599-4810-466F-8360-F4CF0E8E5451} = {81D57C50-4C6A-4679-B098-EA69821D7B0B}
		{CE6AC94F-202D-481E-8E38-BA77DAD35A0D} = {81D57C50-4C6A-4679-B098-EA69821D7B0B}
		{CFDD6C07-BD25-4561-8065-A9E27FA92B71} = {81D57C50-4C6A-4679-B098-EA69821D7B0B}
		{17F49C5E-5484-4E20-B4AA-DE9A8FF086F8} = {81D57C50-4C6A-4679-B098-EA69821D7B0B}
		{A3FEFF8B-D7F4-4D51-8368-3721D72AE9A0} = {17F49C5E-5484-4E20-B4AA-DE9A8FF086F8}
		{709095E1-C234-4D64-B8CB-D4EB5EC353DC} = {17F49C5E-5484-4E20-B4AA-DE9A8FF086F8}
	EndGlobalSection
	GlobalSection(ExtensibilityGlobals) = postSolution
		SolutionGuid = {506028A8-19DA-4BED-82A7-97112E428EFB}
	EndGlobalSection
EndGlobal
